
Microsoft Visual Studio Solution File, Format Version 12.00
# Visual Studio Version 16
VisualStudioVersion = 16.0.31313.79
MinimumVisualStudioVersion = 10.0.40219.1
Project("{FAE04EC0-301F-11D3-BF4B-00C04F79EFBC}") = "Giraffe", "Giraffe\Giraffe.csproj", "{96A2E3CF-0F14-4DC4-9CF3-CF79C11A4CC3}"
EndProject
Global
	GlobalSection(SolutionConfigurationPlatforms) = preSolution
		Debug|Any CPU = Debug|Any CPU
		Release|Any CPU = Release|Any CPU
	EndGlobalSection
	GlobalSection(ProjectConfigurationPlatforms) = postSolution
		{96A2E3CF-0F14-4DC4-9CF3-CF79C11A4CC3}.Debug|Any CPU.ActiveCfg = Debug|Any CPU
		{96A2E3CF-0F14-4DC4-9CF3-CF79C11A4CC3}.Debug|Any CPU.Build.0 = Debug|Any CPU
		{96A2E3CF-0F14-4DC4-9CF3-CF79C11A4CC3}.Release|Any CPU.ActiveCfg = Release|Any CPU
		{96A2E3CF-0F14-4DC4-9CF3-CF79C11A4CC3}.Release|Any CPU.Build.0 = Release|Any CPU
	EndGlobalSection
	GlobalSection(SolutionProperties) = preSolution
		HideSolutionNode = FALSE
	EndGlobalSection
	GlobalSection(ExtensibilityGlobals) = postSolution
		SolutionGuid = {4E41C6AE-6949-4B2E-A752-C4AC50792FD1}
	EndGlobalSection
EndGlobal
